
Microsoft Visual Studio Solution File, Format Version 12.00
# Visual Studio Version 16
VisualStudioVersion = 16.0.29209.62
MinimumVisualStudioVersion = 10.0.40219.1
Project("{FAE04EC0-301F-11D3-BF4B-00C04F79EFBC}") = "LoL Observer Tool", "LoL Observer Tool.csproj", "{7FAFA590-C4F3-42B3-9C86-08132D665BB7}"
EndProject
Global
	GlobalSection(SolutionConfigurationPlatforms) = preSolution
		Debug|Any CPU = Debug|Any CPU
		Release|Any CPU = Release|Any CPU
	EndGlobalSection
	GlobalSection(ProjectConfigurationPlatforms) = postSolution
		{7FAFA590-C4F3-42B3-9C86-08132D665BB7}.Debug|Any CPU.ActiveCfg = Debug|Any CPU
		{7FAFA590-C4F3-42B3-9C86-08132D665BB7}.Debug|Any CPU.Build.0 = Debug|Any CPU
		{7FAFA590-C4F3-42B3-9C86-08132D665BB7}.Release|Any CPU.ActiveCfg = Release|Any CPU
		{7FAFA590-C4F3-42B3-9C86-08132D665BB7}.Release|Any CPU.Build.0 = Release|Any CPU
	EndGlobalSection
	GlobalSection(SolutionProperties) = preSolution
		HideSolutionNode = FALSE
	EndGlobalSection
	GlobalSection(ExtensibilityGlobals) = postSolution
		SolutionGuid = {373A342D-B69F-4D56-9A79-78F4A4DE1179}
	EndGlobalSection
EndGlobal
